
Microsoft Visual Studio Solution File, Format Version 12.00
# Visual Studio 15
VisualStudioVersion = 15.0.28010.2050
MinimumVisualStudioVersion = 10.0.40219.1
Project("{FAE04EC0-301F-11D3-BF4B-00C04F79EFBC}") = "CardGameWar", "CardGameWar\CardGameWar.csproj", "{B590E055-D2DE-402E-8585-465B16F871DC}"
EndProject
Global
	GlobalSection(SolutionConfigurationPlatforms) = preSolution
		Debug|Any CPU = Debug|Any CPU
		Release|Any CPU = Release|Any CPU
	EndGlobalSection
	GlobalSection(ProjectConfigurationPlatforms) = postSolution
		{B590E055-D2DE-402E-8585-465B16F871DC}.Debug|Any CPU.ActiveCfg = Debug|Any CPU
		{B590E055-D2DE-402E-8585-465B16F871DC}.Debug|Any CPU.Build.0 = Debug|Any CPU
		{B590E055-D2DE-402E-8585-465B16F871DC}.Release|Any CPU.ActiveCfg = Release|Any CPU
		{B590E055-D2DE-402E-8585-465B16F871DC}.Release|Any CPU.Build.0 = Release|Any CPU
	EndGlobalSection
	GlobalSection(SolutionProperties) = preSolution
		HideSolutionNode = FALSE
	EndGlobalSection
	GlobalSection(ExtensibilityGlobals) = postSolution
		SolutionGuid = {7F32FAAE-8850-44AD-8B16-8BB1B7A77165}
	EndGlobalSection
EndGlobal
